// !$*UTF8*$!
{
	archiveVersion = 1;
	classes = {
	};
	objectVersion = 77;
	objects = {

/* Begin PBXBuildFile section */
		4823BA022EE6D8710046D3A3 /* Application in Frameworks */ = {isa = PBXBuildFile; productRef = 4823BA012EE6D8710046D3A3 /* Application */; };
		4823BA4D2EE6DA5A0046D3A3 /* Detail in Frameworks */ = {isa = PBXBuildFile; productRef = 4823BA4C2EE6DA5A0046D3A3 /* Detail */; };
		4823BA512EE6DC620046D3A3 /* Common in Frameworks */ = {isa = PBXBuildFile; productRef = 4823BA502EE6DC620046D3A3 /* Common */; };
		4823BA532EE6DC670046D3A3 /* Domain in Frameworks */ = {isa = PBXBuildFile; productRef = 4823BA522EE6DC670046D3A3 /* Domain */; };
		4823BA592EE6DD150046D3A3 /* LocalObjectImporter in Frameworks */ = {isa = PBXBuildFile; productRef = 4823BA582EE6DD150046D3A3 /* LocalObjectImporter */; };
		487A69C62EE7071B00594620 /* AppState in Frameworks */ = {isa = PBXBuildFile; productRef = 487A69C52EE7071B00594620 /* AppState */; };
		48C7F45C2EE5B76500DBF40A /* RealityKitContent in Frameworks */ = {isa = PBXBuildFile; productRef = 48C7F45B2EE5B76500DBF40A /* RealityKitContent */; };
		48D826E12EE8C5F7000CEDAC /* ImmersiveView in Frameworks */ = {isa = PBXBuildFile; productRef = 48D826E02EE8C5F7000CEDAC /* ImmersiveView */; };
/* End PBXBuildFile section */

/* Begin PBXContainerItemProxy section */
		48C7F4692EE5B76800DBF40A /* PBXContainerItemProxy */ = {
			isa = PBXContainerItemProxy;
			containerPortal = 48C7F44E2EE5B76400DBF40A /* Project object */;
			proxyType = 1;
			remoteGlobalIDString = 48C7F4552EE5B76400DBF40A;
			remoteInfo = "Demo-visionOS";
		};
/* End PBXContainerItemProxy section */

/* Begin PBXFileReference section */
		48C7F4562EE5B76500DBF40A /* Demo-visionOS.app */ = {isa = PBXFileReference; explicitFileType = wrapper.application; includeInIndex = 0; path = "Demo-visionOS.app"; sourceTree = BUILT_PRODUCTS_DIR; };
		48C7F45A2EE5B76500DBF40A /* RealityKitContent */ = {isa = PBXFileReference; lastKnownFileType = wrapper; path = RealityKitContent; sourceTree = "<group>"; };
		48C7F4682EE5B76800DBF40A /* Demo-visionOSTests.xctest */ = {isa = PBXFileReference; explicitFileType = wrapper.cfbundle; includeInIndex = 0; path = "Demo-visionOSTests.xctest"; sourceTree = BUILT_PRODUCTS_DIR; };
/* End PBXFileReference section */

/* Begin PBXFileSystemSynchronizedBuildFileExceptionSet section */
		48C7F46E2EE5B76800DBF40A /* Exceptions for "Demo-visionOS" folder in "Demo-visionOS" target */ = {
			isa = PBXFileSystemSynchronizedBuildFileExceptionSet;
			membershipExceptions = (
				Core/Application,
				Core/AppState,
				Core/Common,
				Core/Domain,
				Core/LocalObjectImporter,
				Features/Detail,
				Features/ImmersiveView,
				Info.plist,
			);
			target = 48C7F4552EE5B76400DBF40A /* Demo-visionOS */;
		};
/* End PBXFileSystemSynchronizedBuildFileExceptionSet section */

/* Begin PBXFileSystemSynchronizedRootGroup section */
		48C7F4582EE5B76500DBF40A /* Demo-visionOS */ = {
			isa = PBXFileSystemSynchronizedRootGroup;
			exceptions = (
				48C7F46E2EE5B76800DBF40A /* Exceptions for "Demo-visionOS" folder in "Demo-visionOS" target */,
			);
			path = "Demo-visionOS";
			sourceTree = "<group>";
		};
		48C7F46B2EE5B76800DBF40A /* Demo-visionOSTests */ = {
			isa = PBXFileSystemSynchronizedRootGroup;
			path = "Demo-visionOSTests";
			sourceTree = "<group>";
		};
/* End PBXFileSystemSynchronizedRootGroup section */

/* Begin PBXFrameworksBuildPhase section */
		48C7F4532EE5B76400DBF40A /* Frameworks */ = {
			isa = PBXFrameworksBuildPhase;
			buildActionMask = 2147483647;
			files = (
				4823BA532EE6DC670046D3A3 /* Domain in Frameworks */,
				48D826E12EE8C5F7000CEDAC /* ImmersiveView in Frameworks */,
				48C7F45C2EE5B76500DBF40A /* RealityKitContent in Frameworks */,
				4823BA4D2EE6DA5A0046D3A3 /* Detail in Frameworks */,
				4823BA022EE6D8710046D3A3 /* Application in Frameworks */,
				487A69C62EE7071B00594620 /* AppState in Frameworks */,
				4823BA512EE6DC620046D3A3 /* Common in Frameworks */,
				4823BA592EE6DD150046D3A3 /* LocalObjectImporter in Frameworks */,
			);
			runOnlyForDeploymentPostprocessing = 0;
		};
		48C7F4652EE5B76800DBF40A /* Frameworks */ = {
			isa = PBXFrameworksBuildPhase;
			buildActionMask = 2147483647;
			files = (
			);
			runOnlyForDeploymentPostprocessing = 0;
		};
/* End PBXFrameworksBuildPhase section */

/* Begin PBXGroup section */
		4823BA002EE6D8710046D3A3 /* Frameworks */ = {
			isa = PBXGroup;
			children = (
			);
			name = Frameworks;
			sourceTree = "<group>";
		};
		48C7F44D2EE5B76400DBF40A = {
			isa = PBXGroup;
			children = (
				48C7F4582EE5B76500DBF40A /* Demo-visionOS */,
				48C7F4592EE5B76500DBF40A /* Packages */,
				48C7F46B2EE5B76800DBF40A /* Demo-visionOSTests */,
				4823BA002EE6D8710046D3A3 /* Frameworks */,
				48C7F4572EE5B76500DBF40A /* Products */,
			);
			sourceTree = "<group>";
		};
		48C7F4572EE5B76500DBF40A /* Products */ = {
			isa = PBXGroup;
			children = (
				48C7F4562EE5B76500DBF40A /* Demo-visionOS.app */,
				48C7F4682EE5B76800DBF40A /* Demo-visionOSTests.xctest */,
			);
			name = Products;
			sourceTree = "<group>";
		};
		48C7F4592EE5B76500DBF40A /* Packages */ = {
			isa = PBXGroup;
			children = (
				48C7F45A2EE5B76500DBF40A /* RealityKitContent */,
			);
			path = Packages;
			sourceTree = "<group>";
		};
/* End PBXGroup section */

/* Begin PBXNativeTarget section */
		48C7F4552EE5B76400DBF40A /* Demo-visionOS */ = {
			isa = PBXNativeTarget;
			buildConfigurationList = 48C7F46F2EE5B76800DBF40A /* Build configuration list for PBXNativeTarget "Demo-visionOS" */;
			buildPhases = (
				48C7F4522EE5B76400DBF40A /* Sources */,
				48C7F4532EE5B76400DBF40A /* Frameworks */,
				48C7F4542EE5B76400DBF40A /* Resources */,
			);
			buildRules = (
			);
			dependencies = (
			);
			fileSystemSynchronizedGroups = (
				48C7F4582EE5B76500DBF40A /* Demo-visionOS */,
			);
			name = "Demo-visionOS";
			packageProductDependencies = (
				48C7F45B2EE5B76500DBF40A /* RealityKitContent */,
				4823BA012EE6D8710046D3A3 /* Application */,
				4823BA4C2EE6DA5A0046D3A3 /* Detail */,
				4823BA502EE6DC620046D3A3 /* Common */,
				4823BA522EE6DC670046D3A3 /* Domain */,
				4823BA582EE6DD150046D3A3 /* LocalObjectImporter */,
				487A69C52EE7071B00594620 /* AppState */,
				48D826E02EE8C5F7000CEDAC /* ImmersiveView */,
			);
			productName = "Demo-visionOS";
			productReference = 48C7F4562EE5B76500DBF40A /* Demo-visionOS.app */;
			productType = "com.apple.product-type.application";
		};
		48C7F4672EE5B76800DBF40A /* Demo-visionOSTests */ = {
			isa = PBXNativeTarget;
			buildConfigurationList = 48C7F4742EE5B76800DBF40A /* Build configuration list for PBXNativeTarget "Demo-visionOSTests" */;
			buildPhases = (
				48C7F4642EE5B76800DBF40A /* Sources */,
				48C7F4652EE5B76800DBF40A /* Frameworks */,
				48C7F4662EE5B76800DBF40A /* Resources */,
			);
			buildRules = (
			);
			dependencies = (
				48C7F46A2EE5B76800DBF40A /* PBXTargetDependency */,
			);
			fileSystemSynchronizedGroups = (
				48C7F46B2EE5B76800DBF40A /* Demo-visionOSTests */,
			);
			name = "Demo-visionOSTests";
			packageProductDependencies = (
			);
			productName = "Demo-visionOSTests";
			productReference = 48C7F4682EE5B76800DBF40A /* Demo-visionOSTests.xctest */;
			productType = "com.apple.product-type.bundle.unit-test";
		};
/* End PBXNativeTarget section */

/* Begin PBXProject section */
		48C7F44E2EE5B76400DBF40A /* Project object */ = {
			isa = PBXProject;
			attributes = {
				BuildIndependentTargetsInParallel = 1;
				LastSwiftUpdateCheck = 2610;
				LastUpgradeCheck = 2610;
				TargetAttributes = {
					48C7F4552EE5B76400DBF40A = {
						CreatedOnToolsVersion = 26.1.1;
					};
					48C7F4672EE5B76800DBF40A = {
						CreatedOnToolsVersion = 26.1.1;
						TestTargetID = 48C7F4552EE5B76400DBF40A;
					};
				};
			};
			buildConfigurationList = 48C7F4512EE5B76400DBF40A /* Build configuration list for PBXProject "Demo-visionOS" */;
			developmentRegion = en;
			hasScannedForEncodings = 0;
			knownRegions = (
				en,
				Base,
			);
			mainGroup = 48C7F44D2EE5B76400DBF40A;
			minimizedProjectReferenceProxies = 1;
			preferredProjectObjectVersion = 77;
			productRefGroup = 48C7F4572EE5B76500DBF40A /* Products */;
			projectDirPath = "";
			projectRoot = "";
			targets = (
				48C7F4552EE5B76400DBF40A /* Demo-visionOS */,
				48C7F4672EE5B76800DBF40A /* Demo-visionOSTests */,
			);
		};
/* End PBXProject section */

/* Begin PBXResourcesBuildPhase section */
		48C7F4542EE5B76400DBF40A /* Resources */ = {
			isa = PBXResourcesBuildPhase;
			buildActionMask = 2147483647;
			files = (
			);
			runOnlyForDeploymentPostprocessing = 0;
		};
		48C7F4662EE5B76800DBF40A /* Resources */ = {
			isa = PBXResourcesBuildPhase;
			buildActionMask = 2147483647;
			files = (
			);
			runOnlyForDeploymentPostprocessing = 0;
		};
/* End PBXResourcesBuildPhase section */

/* Begin PBXSourcesBuildPhase section */
		48C7F4522EE5B76400DBF40A /* Sources */ = {
			isa = PBXSourcesBuildPhase;
			buildActionMask = 2147483647;
			files = (
			);
			runOnlyForDeploymentPostprocessing = 0;
		};
		48C7F4642EE5B76800DBF40A /* Sources */ = {
			isa = PBXSourcesBuildPhase;
			buildActionMask = 2147483647;
			files = (
			);
			runOnlyForDeploymentPostprocessing = 0;
		};
/* End PBXSourcesBuildPhase section */

/* Begin PBXTargetDependency section */
		48C7F46A2EE5B76800DBF40A /* PBXTargetDependency */ = {
			isa = PBXTargetDependency;
			target = 48C7F4552EE5B76400DBF40A /* Demo-visionOS */;
			targetProxy = 48C7F4692EE5B76800DBF40A /* PBXContainerItemProxy */;
		};
/* End PBXTargetDependency section */

/* Begin XCBuildConfiguration section */
		48C7F4702EE5B76800DBF40A /* Debug */ = {
			isa = XCBuildConfiguration;
			buildSettings = {
				ASSETCATALOG_COMPILER_APPICON_NAME = AppIcon;
				ASSETCATALOG_COMPILER_GLOBAL_ACCENT_COLOR_NAME = AccentColor;
				CODE_SIGN_STYLE = Automatic;
				CURRENT_PROJECT_VERSION = 1;
				DEVELOPMENT_TEAM = 3BFY9G26SK;
				ENABLE_PREVIEWS = YES;
				GENERATE_INFOPLIST_FILE = YES;
				INFOPLIST_FILE = "$(TARGET_NAME)/Info.plist";
				INFOPLIST_KEY_CFBundleDisplayName = "Astronomical Objects Showcase";
				LD_RUNPATH_SEARCH_PATHS = (
					"$(inherited)",
					"@executable_path/Frameworks",
				);
				MARKETING_VERSION = 1.0;
				PRODUCT_BUNDLE_IDENTIFIER = "Boizas.Demo-visionOS";
				PRODUCT_NAME = "$(TARGET_NAME)";
				STRING_CATALOG_GENERATE_SYMBOLS = YES;
				SUPPORTED_PLATFORMS = "xros xrsimulator";
				SWIFT_APPROACHABLE_CONCURRENCY = YES;
				SWIFT_DEFAULT_ACTOR_ISOLATION = MainActor;
				SWIFT_EMIT_LOC_STRINGS = YES;
				SWIFT_UPCOMING_FEATURE_MEMBER_IMPORT_VISIBILITY = YES;
				SWIFT_VERSION = 5.0;
				TARGETED_DEVICE_FAMILY = 7;
			};
			name = Debug;
		};
		48C7F4712EE5B76800DBF40A /* Release */ = {
			isa = XCBuildConfiguration;
			buildSettings = {
				ASSETCATALOG_COMPILER_APPICON_NAME = AppIcon;
				ASSETCATALOG_COMPILER_GLOBAL_ACCENT_COLOR_NAME = AccentColor;
				CODE_SIGN_STYLE = Automatic;
				CURRENT_PROJECT_VERSION = 1;
				DEVELOPMENT_TEAM = 3BFY9G26SK;
				ENABLE_PREVIEWS = YES;
				GENERATE_INFOPLIST_FILE = YES;
				INFOPLIST_FILE = "$(TARGET_NAME)/Info.plist";
				INFOPLIST_KEY_CFBundleDisplayName = "Astronomical Objects Showcase";
				LD_RUNPATH_SEARCH_PATHS = (
					"$(inherited)",
					"@executable_path/Frameworks",
				);
				MARKETING_VERSION = 1.0;
				PRODUCT_BUNDLE_IDENTIFIER = "Boizas.Demo-visionOS";
				PRODUCT_NAME = "$(TARGET_NAME)";
				STRING_CATALOG_GENERATE_SYMBOLS = YES;
				SUPPORTED_PLATFORMS = "xros xrsimulator";
				SWIFT_APPROACHABLE_CONCURRENCY = YES;
				SWIFT_DEFAULT_ACTOR_ISOLATION = MainActor;
				SWIFT_EMIT_LOC_STRINGS = YES;
				SWIFT_UPCOMING_FEATURE_MEMBER_IMPORT_VISIBILITY = YES;
				SWIFT_VERSION = 5.0;
				TARGETED_DEVICE_FAMILY = 7;
			};
			name = Release;
		};
		48C7F4722EE5B76800DBF40A /* Debug */ = {
			isa = XCBuildConfiguration;
			buildSettings = {
				ALWAYS_SEARCH_USER_PATHS = NO;
				ASSETCATALOG_COMPILER_GENERATE_SWIFT_ASSET_SYMBOL_EXTENSIONS = YES;
				CLANG_ANALYZER_NONNULL = YES;
				CLANG_ANALYZER_NUMBER_OBJECT_CONVERSION = YES_AGGRESSIVE;
				CLANG_CXX_LANGUAGE_STANDARD = "gnu++20";
				CLANG_ENABLE_MODULES = YES;
				CLANG_ENABLE_OBJC_ARC = YES;
				CLANG_ENABLE_OBJC_WEAK = YES;
				CLANG_WARN_BLOCK_CAPTURE_AUTORELEASING = YES;
				CLANG_WARN_BOOL_CONVERSION = YES;
				CLANG_WARN_COMMA = YES;
				CLANG_WARN_CONSTANT_CONVERSION = YES;
				CLANG_WARN_DEPRECATED_OBJC_IMPLEMENTATIONS = YES;
				CLANG_WARN_DIRECT_OBJC_ISA_USAGE = YES_ERROR;
				CLANG_WARN_DOCUMENTATION_COMMENTS = YES;
				CLANG_WARN_EMPTY_BODY = YES;
				CLANG_WARN_ENUM_CONVERSION = YES;
				CLANG_WARN_INFINITE_RECURSION = YES;
				CLANG_WARN_INT_CONVERSION = YES;
				CLANG_WARN_NON_LITERAL_NULL_CONVERSION = YES;
				CLANG_WARN_OBJC_IMPLICIT_RETAIN_SELF = YES;
				CLANG_WARN_OBJC_LITERAL_CONVERSION = YES;
				CLANG_WARN_OBJC_ROOT_CLASS = YES_ERROR;
				CLANG_WARN_QUOTED_INCLUDE_IN_FRAMEWORK_HEADER = YES;
				CLANG_WARN_RANGE_LOOP_ANALYSIS = YES;
				CLANG_WARN_STRICT_PROTOTYPES = YES;
				CLANG_WARN_SUSPICIOUS_MOVE = YES;
				CLANG_WARN_UNGUARDED_AVAILABILITY = YES_AGGRESSIVE;
				CLANG_WARN_UNREACHABLE_CODE = YES;
				CLANG_WARN__DUPLICATE_METHOD_MATCH = YES;
				COPY_PHASE_STRIP = NO;
				DEBUG_INFORMATION_FORMAT = dwarf;
				DEVELOPMENT_TEAM = 3BFY9G26SK;
				ENABLE_STRICT_OBJC_MSGSEND = YES;
				ENABLE_TESTABILITY = YES;
				ENABLE_USER_SCRIPT_SANDBOXING = YES;
				GCC_C_LANGUAGE_STANDARD = gnu17;
				GCC_DYNAMIC_NO_PIC = NO;
				GCC_NO_COMMON_BLOCKS = YES;
				GCC_OPTIMIZATION_LEVEL = 0;
				GCC_PREPROCESSOR_DEFINITIONS = (
					"DEBUG=1",
					"$(inherited)",
				);
				GCC_WARN_64_TO_32_BIT_CONVERSION = YES;
				GCC_WARN_ABOUT_RETURN_TYPE = YES_ERROR;
				GCC_WARN_UNDECLARED_SELECTOR = YES;
				GCC_WARN_UNINITIALIZED_AUTOS = YES_AGGRESSIVE;
				GCC_WARN_UNUSED_FUNCTION = YES;
				GCC_WARN_UNUSED_VARIABLE = YES;
				LOCALIZATION_PREFERS_STRING_CATALOGS = YES;
				MTL_ENABLE_DEBUG_INFO = INCLUDE_SOURCE;
				MTL_FAST_MATH = YES;
				ONLY_ACTIVE_ARCH = YES;
				SDKROOT = xros;
				SWIFT_ACTIVE_COMPILATION_CONDITIONS = "DEBUG $(inherited)";
				SWIFT_OPTIMIZATION_LEVEL = "-Onone";
				XROS_DEPLOYMENT_TARGET = 26.1;
			};
			name = Debug;
		};
		48C7F4732EE5B76800DBF40A /* Release */ = {
			isa = XCBuildConfiguration;
			buildSettings = {
				ALWAYS_SEARCH_USER_PATHS = NO;
				ASSETCATALOG_COMPILER_GENERATE_SWIFT_ASSET_SYMBOL_EXTENSIONS = YES;
				CLANG_ANALYZER_NONNULL = YES;
				CLANG_ANALYZER_NUMBER_OBJECT_CONVERSION = YES_AGGRESSIVE;
				CLANG_CXX_LANGUAGE_STANDARD = "gnu++20";
				CLANG_ENABLE_MODULES = YES;
				CLANG_ENABLE_OBJC_ARC = YES;
				CLANG_ENABLE_OBJC_WEAK = YES;
				CLANG_WARN_BLOCK_CAPTURE_AUTORELEASING = YES;
				CLANG_WARN_BOOL_CONVERSION = YES;
				CLANG_WARN_COMMA = YES;
				CLANG_WARN_CONSTANT_CONVERSION = YES;
				CLANG_WARN_DEPRECATED_OBJC_IMPLEMENTATIONS = YES;
				CLANG_WARN_DIRECT_OBJC_ISA_USAGE = YES_ERROR;
				CLANG_WARN_DOCUMENTATION_COMMENTS = YES;
				CLANG_WARN_EMPTY_BODY = YES;
				CLANG_WARN_ENUM_CONVERSION = YES;
				CLANG_WARN_INFINITE_RECURSION = YES;
				CLANG_WARN_INT_CONVERSION = YES;
				CLANG_WARN_NON_LITERAL_NULL_CONVERSION = YES;
				CLANG_WARN_OBJC_IMPLICIT_RETAIN_SELF = YES;
				CLANG_WARN_OBJC_LITERAL_CONVERSION = YES;
				CLANG_WARN_OBJC_ROOT_CLASS = YES_ERROR;
				CLANG_WARN_QUOTED_INCLUDE_IN_FRAMEWORK_HEADER = YES;
				CLANG_WARN_RANGE_LOOP_ANALYSIS = YES;
				CLANG_WARN_STRICT_PROTOTYPES = YES;
				CLANG_WARN_SUSPICIOUS_MOVE = YES;
				CLANG_WARN_UNGUARDED_AVAILABILITY = YES_AGGRESSIVE;
				CLANG_WARN_UNREACHABLE_CODE = YES;
				CLANG_WARN__DUPLICATE_METHOD_MATCH = YES;
				COPY_PHASE_STRIP = NO;
				DEBUG_INFORMATION_FORMAT = "dwarf-with-dsym";
				DEVELOPMENT_TEAM = 3BFY9G26SK;
				ENABLE_NS_ASSERTIONS = NO;
				ENABLE_STRICT_OBJC_MSGSEND = YES;
				ENABLE_USER_SCRIPT_SANDBOXING = YES;
				GCC_C_LANGUAGE_STANDARD = gnu17;
				GCC_NO_COMMON_BLOCKS = YES;
				GCC_WARN_64_TO_32_BIT_CONVERSION = YES;
				GCC_WARN_ABOUT_RETURN_TYPE = YES_ERROR;
				GCC_WARN_UNDECLARED_SELECTOR = YES;
				GCC_WARN_UNINITIALIZED_AUTOS = YES_AGGRESSIVE;
				GCC_WARN_UNUSED_FUNCTION = YES;
				GCC_WARN_UNUSED_VARIABLE = YES;
				LOCALIZATION_PREFERS_STRING_CATALOGS = YES;
				MTL_ENABLE_DEBUG_INFO = NO;
				MTL_FAST_MATH = YES;
				SDKROOT = xros;
				SWIFT_COMPILATION_MODE = wholemodule;
				VALIDATE_PRODUCT = YES;
				XROS_DEPLOYMENT_TARGET = 26.1;
			};
			name = Release;
		};
		48C7F4752EE5B76800DBF40A /* Debug */ = {
			isa = XCBuildConfiguration;
			buildSettings = {
				BUNDLE_LOADER = "$(TEST_HOST)";
				CODE_SIGN_STYLE = Automatic;
				CURRENT_PROJECT_VERSION = 1;
				DEVELOPMENT_TEAM = 3BFY9G26SK;
				GENERATE_INFOPLIST_FILE = YES;
				MARKETING_VERSION = 1.0;
				PRODUCT_BUNDLE_IDENTIFIER = "Boizas.Demo-visionOSTests";
				PRODUCT_NAME = "$(TARGET_NAME)";
				STRING_CATALOG_GENERATE_SYMBOLS = NO;
				SUPPORTED_PLATFORMS = "xros xrsimulator";
				SWIFT_APPROACHABLE_CONCURRENCY = YES;
				SWIFT_EMIT_LOC_STRINGS = NO;
				SWIFT_UPCOMING_FEATURE_MEMBER_IMPORT_VISIBILITY = YES;
				SWIFT_VERSION = 5.0;
				TARGETED_DEVICE_FAMILY = 7;
				TEST_HOST = "$(BUILT_PRODUCTS_DIR)/Demo-visionOS.app/$(BUNDLE_EXECUTABLE_FOLDER_PATH)/Demo-visionOS";
				XROS_DEPLOYMENT_TARGET = 26.1;
			};
			name = Debug;
		};
		48C7F4762EE5B76800DBF40A /* Release */ = {
			isa = XCBuildConfiguration;
			buildSettings = {
				BUNDLE_LOADER = "$(TEST_HOST)";
				CODE_SIGN_STYLE = Automatic;
				CURRENT_PROJECT_VERSION = 1;
				DEVELOPMENT_TEAM = 3BFY9G26SK;
				GENERATE_INFOPLIST_FILE = YES;
				MARKETING_VERSION = 1.0;
				PRODUCT_BUNDLE_IDENTIFIER = "Boizas.Demo-visionOSTests";
				PRODUCT_NAME = "$(TARGET_NAME)";
				STRING_CATALOG_GENERATE_SYMBOLS = NO;
				SUPPORTED_PLATFORMS = "xros xrsimulator";
				SWIFT_APPROACHABLE_CONCURRENCY = YES;
				SWIFT_EMIT_LOC_STRINGS = NO;
				SWIFT_UPCOMING_FEATURE_MEMBER_IMPORT_VISIBILITY = YES;
				SWIFT_VERSION = 5.0;
				TARGETED_DEVICE_FAMILY = 7;
				TEST_HOST = "$(BUILT_PRODUCTS_DIR)/Demo-visionOS.app/$(BUNDLE_EXECUTABLE_FOLDER_PATH)/Demo-visionOS";
				XROS_DEPLOYMENT_TARGET = 26.1;
			};
			name = Release;
		};
/* End XCBuildConfiguration section */

/* Begin XCConfigurationList section */
		48C7F4512EE5B76400DBF40A /* Build configuration list for PBXProject "Demo-visionOS" */ = {
			isa = XCConfigurationList;
			buildConfigurations = (
				48C7F4722EE5B76800DBF40A /* Debug */,
				48C7F4732EE5B76800DBF40A /* Release */,
			);
			defaultConfigurationIsVisible = 0;
			defaultConfigurationName = Release;
		};
		48C7F46F2EE5B76800DBF40A /* Build configuration list for PBXNativeTarget "Demo-visionOS" */ = {
			isa = XCConfigurationList;
			buildConfigurations = (
				48C7F4702EE5B76800DBF40A /* Debug */,
				48C7F4712EE5B76800DBF40A /* Release */,
			);
			defaultConfigurationIsVisible = 0;
			defaultConfigurationName = Release;
		};
		48C7F4742EE5B76800DBF40A /* Build configuration list for PBXNativeTarget "Demo-visionOSTests" */ = {
			isa = XCConfigurationList;
			buildConfigurations = (
				48C7F4752EE5B76800DBF40A /* Debug */,
				48C7F4762EE5B76800DBF40A /* Release */,
			);
			defaultConfigurationIsVisible = 0;
			defaultConfigurationName = Release;
		};
/* End XCConfigurationList section */

/* Begin XCSwiftPackageProductDependency section */
		4823BA012EE6D8710046D3A3 /* Application */ = {
			isa = XCSwiftPackageProductDependency;
			productName = Application;
		};
		4823BA4C2EE6DA5A0046D3A3 /* Detail */ = {
			isa = XCSwiftPackageProductDependency;
			productName = Detail;
		};
		4823BA502EE6DC620046D3A3 /* Common */ = {
			isa = XCSwiftPackageProductDependency;
			productName = Common;
		};
		4823BA522EE6DC670046D3A3 /* Domain */ = {
			isa = XCSwiftPackageProductDependency;
			productName = Domain;
		};
		4823BA582EE6DD150046D3A3 /* LocalObjectImporter */ = {
			isa = XCSwiftPackageProductDependency;
			productName = LocalObjectImporter;
		};
		487A69C52EE7071B00594620 /* AppState */ = {
			isa = XCSwiftPackageProductDependency;
			productName = AppState;
		};
		48C7F45B2EE5B76500DBF40A /* RealityKitContent */ = {
			isa = XCSwiftPackageProductDependency;
			productName = RealityKitContent;
		};
		48D826E02EE8C5F7000CEDAC /* ImmersiveView */ = {
			isa = XCSwiftPackageProductDependency;
			productName = ImmersiveView;
		};
/* End XCSwiftPackageProductDependency section */
	};
	rootObject = 48C7F44E2EE5B76400DBF40A /* Project object */;
}
